
Microsoft Visual Studio Solution File, Format Version 12.00
# Visual Studio 15
VisualStudioVersion = 15.0.27428.2005
MinimumVisualStudioVersion = 10.0.40219.1
Project("{FAE04EC0-301F-11D3-BF4B-00C04F79EFBC}") = "repetit", "repetit\repetit.csproj", "{FD8CFB6B-3B55-43D1-87D1-46BB71CEE6B5}"
EndProject
Global
	GlobalSection(SolutionConfigurationPlatforms) = preSolution
		Debug|Any CPU = Debug|Any CPU
		Release|Any CPU = Release|Any CPU
	EndGlobalSection
	GlobalSection(ProjectConfigurationPlatforms) = postSolution
		{FD8CFB6B-3B55-43D1-87D1-46BB71CEE6B5}.Debug|Any CPU.ActiveCfg = Debug|Any CPU
		{FD8CFB6B-3B55-43D1-87D1-46BB71CEE6B5}.Debug|Any CPU.Build.0 = Debug|Any CPU
		{FD8CFB6B-3B55-43D1-87D1-46BB71CEE6B5}.Release|Any CPU.ActiveCfg = Release|Any CPU
		{FD8CFB6B-3B55-43D1-87D1-46BB71CEE6B5}.Release|Any CPU.Build.0 = Release|Any CPU
	EndGlobalSection
	GlobalSection(SolutionProperties) = preSolution
		HideSolutionNode = FALSE
	EndGlobalSection
	GlobalSection(ExtensibilityGlobals) = postSolution
		SolutionGuid = {9A2F2519-A185-468F-8BBC-C6FB0E27CB19}
	EndGlobalSection
EndGlobal
